
Microsoft Visual Studio Solution File, Format Version 12.00
# Visual Studio Version 17
VisualStudioVersion = 17.14.36518.9 d17.14
MinimumVisualStudioVersion = 10.0.40219.1
Project("{FAE04EC0-301F-11D3-BF4B-00C04F79EFBC}") = "UniversityEnrollmentSystem", "UniversityEnrollmentSystem\UniversityEnrollmentSystem.csproj", "{14FE6838-6FC2-4195-9105-48E2E3D95C94}"
EndProject
Project("{FAE04EC0-301F-11D3-BF4B-00C04F79EFBC}") = "UniversityEnrollmentSystem.Tests", "UniversityEnrollmentSystem.Tests\UniversityEnrollmentSystem.Tests.csproj", "{2D4ED073-B534-404E-A92B-6A4B4C607753}"
EndProject
Global
	GlobalSection(SolutionConfigurationPlatforms) = preSolution
		Debug|Any CPU = Debug|Any CPU
		Release|Any CPU = Release|Any CPU
	EndGlobalSection
	GlobalSection(ProjectConfigurationPlatforms) = postSolution
		{14FE6838-6FC2-4195-9105-48E2E3D95C94}.Debug|Any CPU.ActiveCfg = Debug|Any CPU
		{14FE6838-6FC2-4195-9105-48E2E3D95C94}.Debug|Any CPU.Build.0 = Debug|Any CPU
		{14FE6838-6FC2-4195-9105-48E2E3D95C94}.Release|Any CPU.ActiveCfg = Release|Any CPU
		{14FE6838-6FC2-4195-9105-48E2E3D95C94}.Release|Any CPU.Build.0 = Release|Any CPU
		{2D4ED073-B534-404E-A92B-6A4B4C607753}.Debug|Any CPU.ActiveCfg = Debug|Any CPU
		{2D4ED073-B534-404E-A92B-6A4B4C607753}.Debug|Any CPU.Build.0 = Debug|Any CPU
		{2D4ED073-B534-404E-A92B-6A4B4C607753}.Release|Any CPU.ActiveCfg = Release|Any CPU
		{2D4ED073-B534-404E-A92B-6A4B4C607753}.Release|Any CPU.Build.0 = Release|Any CPU
	EndGlobalSection
	GlobalSection(SolutionProperties) = preSolution
		HideSolutionNode = FALSE
	EndGlobalSection
	GlobalSection(ExtensibilityGlobals) = postSolution
		SolutionGuid = {D3200162-BDAF-46C7-9B30-AC64A4329245}
	EndGlobalSection
EndGlobal
